
Microsoft Visual Studio Solution File, Format Version 12.00
# Visual Studio Version 16
VisualStudioVersion = 16.0.32106.194
MinimumVisualStudioVersion = 10.0.40219.1
Project("{FAE04EC0-301F-11D3-BF4B-00C04F79EFBC}") = "Mission5Movies", "Mission5Movies\Mission5Movies.csproj", "{28DB8163-B8B2-4ECA-BFDF-FE6CC172DFFF}"
EndProject
Global
	GlobalSection(SolutionConfigurationPlatforms) = preSolution
		Debug|Any CPU = Debug|Any CPU
		Release|Any CPU = Release|Any CPU
	EndGlobalSection
	GlobalSection(ProjectConfigurationPlatforms) = postSolution
		{28DB8163-B8B2-4ECA-BFDF-FE6CC172DFFF}.Debug|Any CPU.ActiveCfg = Debug|Any CPU
		{28DB8163-B8B2-4ECA-BFDF-FE6CC172DFFF}.Debug|Any CPU.Build.0 = Debug|Any CPU
		{28DB8163-B8B2-4ECA-BFDF-FE6CC172DFFF}.Release|Any CPU.ActiveCfg = Release|Any CPU
		{28DB8163-B8B2-4ECA-BFDF-FE6CC172DFFF}.Release|Any CPU.Build.0 = Release|Any CPU
	EndGlobalSection
	GlobalSection(SolutionProperties) = preSolution
		HideSolutionNode = FALSE
	EndGlobalSection
	GlobalSection(ExtensibilityGlobals) = postSolution
		SolutionGuid = {F71EF14D-7EA3-4BB2-940D-782E4D8F3C72}
	EndGlobalSection
EndGlobal
